
Microsoft Visual Studio Solution File, Format Version 12.00
# Visual Studio Version 16
VisualStudioVersion = 16.0.31829.152
MinimumVisualStudioVersion = 10.0.40219.1
Project("{FAE04EC0-301F-11D3-BF4B-00C04F79EFBC}") = "BDFIREBASE", "BDFIREBASE\BDFIREBASE.csproj", "{D8AABF31-A2DD-426A-8A30-640105B1EB16}"
EndProject
Global
	GlobalSection(SolutionConfigurationPlatforms) = preSolution
		Debug|Any CPU = Debug|Any CPU
		Release|Any CPU = Release|Any CPU
	EndGlobalSection
	GlobalSection(ProjectConfigurationPlatforms) = postSolution
		{D8AABF31-A2DD-426A-8A30-640105B1EB16}.Debug|Any CPU.ActiveCfg = Debug|Any CPU
		{D8AABF31-A2DD-426A-8A30-640105B1EB16}.Debug|Any CPU.Build.0 = Debug|Any CPU
		{D8AABF31-A2DD-426A-8A30-640105B1EB16}.Release|Any CPU.ActiveCfg = Release|Any CPU
		{D8AABF31-A2DD-426A-8A30-640105B1EB16}.Release|Any CPU.Build.0 = Release|Any CPU
	EndGlobalSection
	GlobalSection(SolutionProperties) = preSolution
		HideSolutionNode = FALSE
	EndGlobalSection
	GlobalSection(ExtensibilityGlobals) = postSolution
		SolutionGuid = {E4D69442-4ED8-4C28-B901-47BAA734B789}
	EndGlobalSection
EndGlobal
